
Microsoft Visual Studio Solution File, Format Version 12.00
# Visual Studio Version 17
VisualStudioVersion = 17.14.36623.8
MinimumVisualStudioVersion = 10.0.40219.1
Project("{F184B08F-C81C-45F6-A57F-5ABD9991F28F}") = "OMS.Web", "OMS.Web\OMS.Web.vbproj", "{CD8E53D2-B177-494B-AE08-1CEEF98E43D7}"
EndProject
Project("{F184B08F-C81C-45F6-A57F-5ABD9991F28F}") = "OMS.Common", "OMS.Common\OMS.Common.vbproj", "{FB1C8D34-24C5-425A-85AD-9E4BBA18D030}"
EndProject
Project("{F184B08F-C81C-45F6-A57F-5ABD9991F28F}") = "OMS.Data", "OMS.Data\OMS.Data.vbproj", "{A997EBB3-26A6-4266-827A-4F4208922633}"
EndProject
Project("{F184B08F-C81C-45F6-A57F-5ABD9991F28F}") = "OMS.Business", "OMS.Business\OMS.Business.vbproj", "{5BC009FD-AC3F-4327-A3C9-8B51EB9AD527}"
EndProject
Project("{F184B08F-C81C-45F6-A57F-5ABD9991F28F}") = "OMS.Tests", "OMS.Tests\OMS.Tests.vbproj", "{A4158E95-C7FC-4626-9B6A-AD8779CB1DF4}"
EndProject
Global
	GlobalSection(SolutionConfigurationPlatforms) = preSolution
		Debug|Any CPU = Debug|Any CPU
		Release|Any CPU = Release|Any CPU
	EndGlobalSection
	GlobalSection(ProjectConfigurationPlatforms) = postSolution
		{CD8E53D2-B177-494B-AE08-1CEEF98E43D7}.Debug|Any CPU.ActiveCfg = Debug|Any CPU
		{CD8E53D2-B177-494B-AE08-1CEEF98E43D7}.Debug|Any CPU.Build.0 = Debug|Any CPU
		{CD8E53D2-B177-494B-AE08-1CEEF98E43D7}.Release|Any CPU.ActiveCfg = Release|Any CPU
		{CD8E53D2-B177-494B-AE08-1CEEF98E43D7}.Release|Any CPU.Build.0 = Release|Any CPU
		{FB1C8D34-24C5-425A-85AD-9E4BBA18D030}.Debug|Any CPU.ActiveCfg = Debug|Any CPU
		{FB1C8D34-24C5-425A-85AD-9E4BBA18D030}.Debug|Any CPU.Build.0 = Debug|Any CPU
		{FB1C8D34-24C5-425A-85AD-9E4BBA18D030}.Release|Any CPU.ActiveCfg = Release|Any CPU
		{FB1C8D34-24C5-425A-85AD-9E4BBA18D030}.Release|Any CPU.Build.0 = Release|Any CPU
		{A997EBB3-26A6-4266-827A-4F4208922633}.Debug|Any CPU.ActiveCfg = Debug|Any CPU
		{A997EBB3-26A6-4266-827A-4F4208922633}.Debug|Any CPU.Build.0 = Debug|Any CPU
		{A997EBB3-26A6-4266-827A-4F4208922633}.Release|Any CPU.ActiveCfg = Release|Any CPU
		{A997EBB3-26A6-4266-827A-4F4208922633}.Release|Any CPU.Build.0 = Release|Any CPU
		{5BC009FD-AC3F-4327-A3C9-8B51EB9AD527}.Debug|Any CPU.ActiveCfg = Debug|Any CPU
		{5BC009FD-AC3F-4327-A3C9-8B51EB9AD527}.Debug|Any CPU.Build.0 = Debug|Any CPU
		{5BC009FD-AC3F-4327-A3C9-8B51EB9AD527}.Release|Any CPU.ActiveCfg = Release|Any CPU
		{5BC009FD-AC3F-4327-A3C9-8B51EB9AD527}.Release|Any CPU.Build.0 = Release|Any CPU
		{A4158E95-C7FC-4626-9B6A-AD8779CB1DF4}.Debug|Any CPU.ActiveCfg = Debug|Any CPU
		{A4158E95-C7FC-4626-9B6A-AD8779CB1DF4}.Debug|Any CPU.Build.0 = Debug|Any CPU
		{A4158E95-C7FC-4626-9B6A-AD8779CB1DF4}.Release|Any CPU.ActiveCfg = Release|Any CPU
		{A4158E95-C7FC-4626-9B6A-AD8779CB1DF4}.Release|Any CPU.Build.0 = Release|Any CPU
	EndGlobalSection
	GlobalSection(SolutionProperties) = preSolution
		HideSolutionNode = FALSE
	EndGlobalSection
	GlobalSection(ExtensibilityGlobals) = postSolution
		SolutionGuid = {4E52116C-8F9B-4F54-BDCB-00927176E1C2}
	EndGlobalSection
EndGlobal
